
Microsoft Visual Studio Solution File, Format Version 12.00
# Visual Studio 2012
Project("{FAE04EC0-301F-11D3-BF4B-00C04F79EFBC}") = "Pluralize", "Pluralize\Pluralize.csproj", "{345E97E1-8DB6-486E-82A0-C76F485579D3}"
EndProject
Project("{FAE04EC0-301F-11D3-BF4B-00C04F79EFBC}") = "Pluralize.Test", "Pluralize.Test\Pluralize.Test.csproj", "{FFA944AB-F0B1-42E9-A8D8-D1225C82A880}"
EndProject
Global
	GlobalSection(SolutionConfigurationPlatforms) = preSolution
		Debug|Any CPU = Debug|Any CPU
		Release|Any CPU = Release|Any CPU
	EndGlobalSection
	GlobalSection(ProjectConfigurationPlatforms) = postSolution
		{345E97E1-8DB6-486E-82A0-C76F485579D3}.Debug|Any CPU.ActiveCfg = Debug|Any CPU
		{345E97E1-8DB6-486E-82A0-C76F485579D3}.Debug|Any CPU.Build.0 = Debug|Any CPU
		{345E97E1-8DB6-486E-82A0-C76F485579D3}.Release|Any CPU.ActiveCfg = Release|Any CPU
		{345E97E1-8DB6-486E-82A0-C76F485579D3}.Release|Any CPU.Build.0 = Release|Any CPU
		{FFA944AB-F0B1-42E9-A8D8-D1225C82A880}.Debug|Any CPU.ActiveCfg = Debug|Any CPU
		{FFA944AB-F0B1-42E9-A8D8-D1225C82A880}.Debug|Any CPU.Build.0 = Debug|Any CPU
		{FFA944AB-F0B1-42E9-A8D8-D1225C82A880}.Release|Any CPU.ActiveCfg = Release|Any CPU
		{FFA944AB-F0B1-42E9-A8D8-D1225C82A880}.Release|Any CPU.Build.0 = Release|Any CPU
	EndGlobalSection
	GlobalSection(SolutionProperties) = preSolution
		HideSolutionNode = FALSE
	EndGlobalSection
EndGlobal
